
Microsoft Visual Studio Solution File, Format Version 12.00
# Visual Studio Version 16
VisualStudioVersion = 16.0.33027.164
MinimumVisualStudioVersion = 10.0.40219.1
Project("{FAE04EC0-301F-11D3-BF4B-00C04F79EFBC}") = "EjemploInstructor", "EjemploInstructor.csproj", "{E9D88791-795C-43EC-8EB1-F5C9C25B329C}"
EndProject
Project("{FAE04EC0-301F-11D3-BF4B-00C04F79EFBC}") = "ClassLibrary5", "..\ClassLibrary5\ClassLibrary5.csproj", "{43FD988E-B1B6-418C-BBB0-EA3176EFCE9F}"
EndProject
Global
	GlobalSection(SolutionConfigurationPlatforms) = preSolution
		Debug|Any CPU = Debug|Any CPU
		Release|Any CPU = Release|Any CPU
	EndGlobalSection
	GlobalSection(ProjectConfigurationPlatforms) = postSolution
		{E9D88791-795C-43EC-8EB1-F5C9C25B329C}.Debug|Any CPU.ActiveCfg = Debug|Any CPU
		{E9D88791-795C-43EC-8EB1-F5C9C25B329C}.Debug|Any CPU.Build.0 = Debug|Any CPU
		{E9D88791-795C-43EC-8EB1-F5C9C25B329C}.Release|Any CPU.ActiveCfg = Release|Any CPU
		{E9D88791-795C-43EC-8EB1-F5C9C25B329C}.Release|Any CPU.Build.0 = Release|Any CPU
		{43FD988E-B1B6-418C-BBB0-EA3176EFCE9F}.Debug|Any CPU.ActiveCfg = Debug|Any CPU
		{43FD988E-B1B6-418C-BBB0-EA3176EFCE9F}.Debug|Any CPU.Build.0 = Debug|Any CPU
		{43FD988E-B1B6-418C-BBB0-EA3176EFCE9F}.Release|Any CPU.ActiveCfg = Release|Any CPU
		{43FD988E-B1B6-418C-BBB0-EA3176EFCE9F}.Release|Any CPU.Build.0 = Release|Any CPU
	EndGlobalSection
	GlobalSection(SolutionProperties) = preSolution
		HideSolutionNode = FALSE
	EndGlobalSection
	GlobalSection(ExtensibilityGlobals) = postSolution
		SolutionGuid = {DA667F0B-CE89-4681-826F-B38CE79FF3EE}
	EndGlobalSection
EndGlobal
